
Microsoft Visual Studio Solution File, Format Version 12.00
# Visual Studio Version 18
VisualStudioVersion = 18.1.11312.151
MinimumVisualStudioVersion = 10.0.40219.1
Project("{9A19103F-16F7-4668-BE54-9A1E7A4F7556}") = "CanvasManagement", "CanvasManagement\CanvasManagement.csproj", "{E677D08B-F237-4690-B08A-DBBAD9D0825E}"
EndProject
Project("{9A19103F-16F7-4668-BE54-9A1E7A4F7556}") = "CanvasManagement.WinForms.Demo", "CanvasManagement.WinForms.Demo\CanvasManagement.WinForms.Demo.csproj", "{5B4EEB31-354F-4EBA-90D6-07626E343F63}"
EndProject
Project("{9A19103F-16F7-4668-BE54-9A1E7A4F7556}") = "CanvasManagement.Extension.GameOfLife", "Extensions\CanvasManagement.Extension.GameOfLife\CanvasManagement.Extension.GameOfLife.csproj", "{D7C0697D-6CFE-4A07-981D-E69B01A356D5}"
EndProject
Project("{9A19103F-16F7-4668-BE54-9A1E7A4F7556}") = "CanvasManagement.Interfaces", "CanvasManagement.Interfaces\CanvasManagement.Interfaces.csproj", "{A808A18D-CC80-47DB-8DAE-00CAB5E0A882}"
EndProject
Project("{9A19103F-16F7-4668-BE54-9A1E7A4F7556}") = "CanvasManagement.Extension.SlideShowPlayer", "Extensions\CanvasManagement.Extension.SlideShowPlayer\CanvasManagement.Extension.SlideShowPlayer.csproj", "{6DAC6C5A-652E-4AAE-84D1-006FD15CC3D4}"
EndProject
Project("{9A19103F-16F7-4668-BE54-9A1E7A4F7556}") = "CanvasManagement.Extension.ScrollTextPlayer", "Extensions\CanvasManagement.Extension.ScrollTextPlayer\CanvasManagement.Extension.ScrollTextPlayer.csproj", "{C925F3A7-AEE9-4280-8449-5919C8AEB9F3}"
EndProject
Project("{9A19103F-16F7-4668-BE54-9A1E7A4F7556}") = "CanvasManagement.Extension.AnimatedGifPlayer", "Extensions\CanvasManagement.Extension.AnimatedGifPlayer\CanvasManagement.Extension.AnimatedGifPlayer.csproj", "{67EDCD5E-651A-41DB-8C06-68A59D85F9F5}"
EndProject
Project("{9A19103F-16F7-4668-BE54-9A1E7A4F7556}") = "CanvasManagement.Extension.NetworkStreamPlayer", "Extensions\CanvasManagement.Extension.NetworkStreamPlayer\CanvasManagement.Extension.NetworkStreamPlayer.csproj", "{4423E724-2F32-4724-AC13-44A4A57EABD4}"
EndProject
Project("{9A19103F-16F7-4668-BE54-9A1E7A4F7556}") = "CanvasManagement.BdfFontManager", "CanvasManagement.BdfFontManager\CanvasManagement.BdfFontManager.csproj", "{85A5D36F-6454-4361-AE90-8DF073510D63}"
EndProject
Project("{9A19103F-16F7-4668-BE54-9A1E7A4F7556}") = "CanvasManagement.Extension.TetrisClock", "Extensions\CanvasManagement.Extension.TetrisClock\CanvasManagement.Extension.TetrisClock.csproj", "{17F19FC0-0C36-4DAD-B7D4-DC40AFE2D706}"
EndProject
Project("{FAE04EC0-301F-11D3-BF4B-00C04F79EFBC}") = "BenchmarkSuite1", "BenchmarkSuite1\BenchmarkSuite1.csproj", "{A20861A9-411E-6150-BF5C-69E8196E5D22}"
EndProject
Project("{FAE04EC0-301F-11D3-BF4B-00C04F79EFBC}") = "CanvasManagement.Filters", "Filters\CanvasManagement.Filters\CanvasManagement.Filters.csproj", "{B97855C8-9011-7120-00DE-378D9BA4B031}"
EndProject
Project("{FAE04EC0-301F-11D3-BF4B-00C04F79EFBC}") = "CanvasManagement.Extension.Starfield", "Extensions\CanvasManagement.Extension.Starfield\CanvasManagement.Extension.Starfield.csproj", "{140E9E81-5304-4210-80CD-0CFB50D3B1C4}"
EndProject
Project("{FAE04EC0-301F-11D3-BF4B-00C04F79EFBC}") = "CanvasManagement.Extensions.Default", "Extensions\CanvasManagement.Extensions.Default\CanvasManagement.Extensions.Default.csproj", "{0B4C0A8A-E9C0-424B-A20F-22259E593056}"
EndProject
Project("{FAE04EC0-301F-11D3-BF4B-00C04F79EFBC}") = "CanvasManagement.Extension.PacMan", "Extensions\CanvasManagement.Extension.PacMan\CanvasManagement.Extension.PacMan.csproj", "{C82D3B67-451E-35FC-43CF-FA9171D5BF74}"
EndProject
Project("{FAE04EC0-301F-11D3-BF4B-00C04F79EFBC}") = "CanvasManagement.Extension.Snake", "Extensions\CanvasManagement.Extension.Snake\CanvasManagement.Extension.Snake.csproj", "{448FD49A-0655-44D2-A708-D63F15F3FF00}"
EndProject
Project("{FAE04EC0-301F-11D3-BF4B-00C04F79EFBC}") = "CanvasManagement.Extension.BinaryClock", "Extensions\CanvasManagement.Extension.BinaryClock\CanvasManagement.Extension.BinaryClock.csproj", "{3CA0256B-8F8F-B320-0107-E2BFB6E89FAE}"
EndProject
Project("{FAE04EC0-301F-11D3-BF4B-00C04F79EFBC}") = "CanvasManagement.Extension.Pong", "Extensions\CanvasManagement.Extension.Pong\CanvasManagement.Extension.Pong.csproj", "{1C1DA6B7-8BB2-8939-34B0-24C1090C994D}"
EndProject
Project("{FAE04EC0-301F-11D3-BF4B-00C04F79EFBC}") = "CanvasManagement.Extension.WordClock", "Extensions\CanvasManagement.Extension.WordClock\CanvasManagement.Extension.WordClock.csproj", "{C4175B38-C9A5-20EA-78DB-1FA1182911B6}"
EndProject
Project("{FAE04EC0-301F-11D3-BF4B-00C04F79EFBC}") = "CanvasManagement.Extension.FlipClock", "Extensions\CanvasManagement.Extension.FlipClock\CanvasManagement.Extension.FlipClock.csproj", "{3C706605-F985-BC39-822A-288C22559F06}"
EndProject
Project("{FAE04EC0-301F-11D3-BF4B-00C04F79EFBC}") = "CanvasManagement.Extension.Aquarium", "Extensions\CanvasManagement.Extension.Aquarium\CanvasManagement.Extension.Aquarium.csproj", "{4BD78B05-111D-10C3-5855-A311076D2A05}"
EndProject
Project("{FAE04EC0-301F-11D3-BF4B-00C04F79EFBC}") = "CanvasManagement.Extension.LAV1StreamPlayer", "Extensions\CanvasManagement.Extension.LAV1StreamPlayer\CanvasManagement.Extension.LAV1StreamPlayer.csproj", "{108379AE-778C-62AA-5933-FC0D0CDF02D8}"
EndProject
Project("{FAE04EC0-301F-11D3-BF4B-00C04F79EFBC}") = "CanvasManagement.Extension.VLCPlayer", "Extensions\CanvasManagement.Extension.VLCPlayer\CanvasManagement.Extension.VLCPlayer.csproj", "{A85B5EBB-744C-9A94-1169-FA7BC2601975}"
EndProject
Project("{FAE04EC0-301F-11D3-BF4B-00C04F79EFBC}") = "CanvasManagement.Extension.AudioPlayer", "Extensions\CanvasManagement.Extension.AudioPlayer\CanvasManagement.Extension.AudioPlayer.csproj", "{101C194C-36DC-8638-B420-8CE1F45426BF}"
EndProject
Project("{FAE04EC0-301F-11D3-BF4B-00C04F79EFBC}") = "CanvasManagement.Extension.AnalogClock", "Extensions\CanvasManagement.Extension.AnalogClock\CanvasManagement.Extension.AnalogClock.csproj", "{0C9A0B5D-C71E-1413-3BD0-44BEB59E4BBB}"
EndProject
Project("{2150E333-8FDC-42A3-9474-1A3956D46DE8}") = "Extensions", "Extensions", "{AE5111CE-1534-423E-BDEC-215E324F58CF}"
EndProject
Project("{2150E333-8FDC-42A3-9474-1A3956D46DE8}") = "Filters", "Filters", "{18C71994-0C84-45FE-A42C-86CC83C3B84C}"
EndProject
Project("{FAE04EC0-301F-11D3-BF4B-00C04F79EFBC}") = "CanvasManagement.Tools.TtfToBdf", "CanvasManagement.Tools.TtfToBdf\CanvasManagement.Tools.TtfToBdf.csproj", "{A59CB9FF-13FA-A407-7ED9-8B855B2D8716}"
EndProject
Project("{FAE04EC0-301F-11D3-BF4B-00C04F79EFBC}") = "CanvasManagement.Extension.Quake3Screensaver", "Extensions\CanvasManagement.Extension.Quake3Screensaver\CanvasManagement.Extension.Quake3Screensaver.csproj", "{88297A2A-CAB1-4DCE-9105-9B4DD28D85FE}"
EndProject
Project("{FAE04EC0-301F-11D3-BF4B-00C04F79EFBC}") = "CanvasManagement.Extension.YouTubePlayer", "Extensions\CanvasManagement.Extension.YouTubePlayer\CanvasManagement.Extension.YouTubePlayer.csproj", "{B9F5130F-350F-4A7F-B631-C4AFED23A823}"
EndProject
Project("{FAE04EC0-301F-11D3-BF4B-00C04F79EFBC}") = "CanvasManagement.Extension.AdvertisingDisplay", "Extensions\CanvasManagement.Extension.AdvertisingDisplay\CanvasManagement.Extension.AdvertisingDisplay.csproj", "{E26A6E84-D96E-486B-B5B2-AC6CF19DAAC1}"
EndProject
Project("{FAE04EC0-301F-11D3-BF4B-00C04F79EFBC}") = "CanvasManagement.Extension.FallingSand", "Extensions\CanvasManagement.Extension.FallingSand\CanvasManagement.Extension.FallingSand.csproj", "{6A9E210C-BDA1-44DA-9BD0-8CF7A5D5C876}"
EndProject
Project("{FAE04EC0-301F-11D3-BF4B-00C04F79EFBC}") = "CanvasManagement.Extension.SpaceInvaders", "Extensions\CanvasManagement.Extension.SpaceInvaders\CanvasManagement.Extension.SpaceInvaders.csproj", "{3F84175D-4C48-4760-854A-910B722B3804}"
EndProject
Project("{FAE04EC0-301F-11D3-BF4B-00C04F79EFBC}") = "CanvasManagement.Extension.DinoRunner", "Extensions\CanvasManagement.Extension.DinoRunner\CanvasManagement.Extension.DinoRunner.csproj", "{DEFB38D3-E268-4710-B003-03A67938E652}"
EndProject
Project("{FAE04EC0-301F-11D3-BF4B-00C04F79EFBC}") = "CanvasManagement.Extension.FlappyBird", "Extensions\CanvasManagement.Extension.FlappyBird\CanvasManagement.Extension.FlappyBird.csproj", "{8B748040-3B5F-480D-AE79-CE310F8BEC9F}"
EndProject
Project("{FAE04EC0-301F-11D3-BF4B-00C04F79EFBC}") = "CanvasManagement.Extension.Weather", "Extensions\CanvasManagement.Extension.Weather\CanvasManagement.Extension.Weather.csproj", "{19EBEBD8-957C-42EE-B5BD-4000B47AF922}"
EndProject
Project("{FAE04EC0-301F-11D3-BF4B-00C04F79EFBC}") = "CanvasManagement.Extension.NewsTicker", "Extensions\CanvasManagement.Extension.NewsTicker\CanvasManagement.Extension.NewsTicker.csproj", "{1561F639-8B39-4767-9688-763F37480044}"
EndProject
Project("{FAE04EC0-301F-11D3-BF4B-00C04F79EFBC}") = "CanvasManagement.Extension.NowPlaying", "Extensions\CanvasManagement.Extension.NowPlaying\CanvasManagement.Extension.NowPlaying.csproj", "{DE9B6A95-A602-4A8C-B4C4-9CE44EA51961}"
EndProject
Project("{FAE04EC0-301F-11D3-BF4B-00C04F79EFBC}") = "CanvasManagement.Extension.DigitalClock", "Extensions\CanvasManagement.Extension.DigitalClock\CanvasManagement.Extension.DigitalClock.csproj", "{A23A7D21-BEA6-F7AF-9C74-B8C2AF6F4037}"
EndProject
Project("{FAE04EC0-301F-11D3-BF4B-00C04F79EFBC}") = "CanvasManagement.Extension.HomeAssistant", "Extensions\CanvasManagement.Extension.HomeAssistant\CanvasManagement.Extension.HomeAssistant.csproj", "{04EB123C-B91B-3564-F3CF-EBE46FCBF0AC}"
EndProject
Project("{FAE04EC0-301F-11D3-BF4B-00C04F79EFBC}") = "CanvasManagement.Extension.LavaLamp", "Extensions\CanvasManagement.Extension.LavaLamp\CanvasManagement.Extension.LavaLamp.csproj", "{DF524DFA-35DB-46D2-934B-ED3DCFE7A446}"
EndProject
Global
	GlobalSection(SolutionConfigurationPlatforms) = preSolution
		Debug|Any CPU = Debug|Any CPU
		Debug|x64 = Debug|x64
		Debug|x86 = Debug|x86
		Release|Any CPU = Release|Any CPU
		Release|x64 = Release|x64
		Release|x86 = Release|x86
	EndGlobalSection
	GlobalSection(ProjectConfigurationPlatforms) = postSolution
		{E677D08B-F237-4690-B08A-DBBAD9D0825E}.Debug|Any CPU.ActiveCfg = Debug|Any CPU
		{E677D08B-F237-4690-B08A-DBBAD9D0825E}.Debug|Any CPU.Build.0 = Debug|Any CPU
		{E677D08B-F237-4690-B08A-DBBAD9D0825E}.Debug|x64.ActiveCfg = Debug|Any CPU
		{E677D08B-F237-4690-B08A-DBBAD9D0825E}.Debug|x64.Build.0 = Debug|Any CPU
		{E677D08B-F237-4690-B08A-DBBAD9D0825E}.Debug|x86.ActiveCfg = Debug|Any CPU
		{E677D08B-F237-4690-B08A-DBBAD9D0825E}.Debug|x86.Build.0 = Debug|Any CPU
		{E677D08B-F237-4690-B08A-DBBAD9D0825E}.Release|Any CPU.ActiveCfg = Release|Any CPU
		{E677D08B-F237-4690-B08A-DBBAD9D0825E}.Release|Any CPU.Build.0 = Release|Any CPU
		{E677D08B-F237-4690-B08A-DBBAD9D0825E}.Release|x64.ActiveCfg = Release|Any CPU
		{E677D08B-F237-4690-B08A-DBBAD9D0825E}.Release|x64.Build.0 = Release|Any CPU
		{E677D08B-F237-4690-B08A-DBBAD9D0825E}.Release|x86.ActiveCfg = Release|Any CPU
		{E677D08B-F237-4690-B08A-DBBAD9D0825E}.Release|x86.Build.0 = Release|Any CPU
		{5B4EEB31-354F-4EBA-90D6-07626E343F63}.Debug|Any CPU.ActiveCfg = Debug|Any CPU
		{5B4EEB31-354F-4EBA-90D6-07626E343F63}.Debug|Any CPU.Build.0 = Debug|Any CPU
		{5B4EEB31-354F-4EBA-90D6-07626E343F63}.Debug|x64.ActiveCfg = Debug|Any CPU
		{5B4EEB31-354F-4EBA-90D6-07626E343F63}.Debug|x64.Build.0 = Debug|Any CPU
		{5B4EEB31-354F-4EBA-90D6-07626E343F63}.Debug|x86.ActiveCfg = Debug|Any CPU
		{5B4EEB31-354F-4EBA-90D6-07626E343F63}.Debug|x86.Build.0 = Debug|Any CPU
		{5B4EEB31-354F-4EBA-90D6-07626E343F63}.Release|Any CPU.ActiveCfg = Release|Any CPU
		{5B4EEB31-354F-4EBA-90D6-07626E343F63}.Release|Any CPU.Build.0 = Release|Any CPU
		{5B4EEB31-354F-4EBA-90D6-07626E343F63}.Release|x64.ActiveCfg = Release|Any CPU
		{5B4EEB31-354F-4EBA-90D6-07626E343F63}.Release|x64.Build.0 = Release|Any CPU
		{5B4EEB31-354F-4EBA-90D6-07626E343F63}.Release|x86.ActiveCfg = Release|Any CPU
		{5B4EEB31-354F-4EBA-90D6-07626E343F63}.Release|x86.Build.0 = Release|Any CPU
		{D7C0697D-6CFE-4A07-981D-E69B01A356D5}.Debug|Any CPU.ActiveCfg = Debug|Any CPU
		{D7C0697D-6CFE-4A07-981D-E69B01A356D5}.Debug|Any CPU.Build.0 = Debug|Any CPU
		{D7C0697D-6CFE-4A07-981D-E69B01A356D5}.Debug|x64.ActiveCfg = Debug|Any CPU
		{D7C0697D-6CFE-4A07-981D-E69B01A356D5}.Debug|x64.Build.0 = Debug|Any CPU
		{D7C0697D-6CFE-4A07-981D-E69B01A356D5}.Debug|x86.ActiveCfg = Debug|Any CPU
		{D7C0697D-6CFE-4A07-981D-E69B01A356D5}.Debug|x86.Build.0 = Debug|Any CPU
		{D7C0697D-6CFE-4A07-981D-E69B01A356D5}.Release|Any CPU.ActiveCfg = Release|Any CPU
		{D7C0697D-6CFE-4A07-981D-E69B01A356D5}.Release|Any CPU.Build.0 = Release|Any CPU
		{D7C0697D-6CFE-4A07-981D-E69B01A356D5}.Release|x64.ActiveCfg = Release|Any CPU
		{D7C0697D-6CFE-4A07-981D-E69B01A356D5}.Release|x64.Build.0 = Release|Any CPU
		{D7C0697D-6CFE-4A07-981D-E69B01A356D5}.Release|x86.ActiveCfg = Release|Any CPU
		{D7C0697D-6CFE-4A07-981D-E69B01A356D5}.Release|x86.Build.0 = Release|Any CPU
		{A808A18D-CC80-47DB-8DAE-00CAB5E0A882}.Debug|Any CPU.ActiveCfg = Debug|Any CPU
		{A808A18D-CC80-47DB-8DAE-00CAB5E0A882}.Debug|Any CPU.Build.0 = Debug|Any CPU
		{A808A18D-CC80-47DB-8DAE-00CAB5E0A882}.Debug|x64.ActiveCfg = Debug|Any CPU
		{A808A18D-CC80-47DB-8DAE-00CAB5E0A882}.Debug|x64.Build.0 = Debug|Any CPU
		{A808A18D-CC80-47DB-8DAE-00CAB5E0A882}.Debug|x86.ActiveCfg = Debug|Any CPU
		{A808A18D-CC80-47DB-8DAE-00CAB5E0A882}.Debug|x86.Build.0 = Debug|Any CPU
		{A808A18D-CC80-47DB-8DAE-00CAB5E0A882}.Release|Any CPU.ActiveCfg = Release|Any CPU
		{A808A18D-CC80-47DB-8DAE-00CAB5E0A882}.Release|Any CPU.Build.0 = Release|Any CPU
		{A808A18D-CC80-47DB-8DAE-00CAB5E0A882}.Release|x64.ActiveCfg = Release|Any CPU
		{A808A18D-CC80-47DB-8DAE-00CAB5E0A882}.Release|x64.Build.0 = Release|Any CPU
		{A808A18D-CC80-47DB-8DAE-00CAB5E0A882}.Release|x86.ActiveCfg = Release|Any CPU
		{A808A18D-CC80-47DB-8DAE-00CAB5E0A882}.Release|x86.Build.0 = Release|Any CPU
		{6DAC6C5A-652E-4AAE-84D1-006FD15CC3D4}.Debug|Any CPU.ActiveCfg = Debug|Any CPU
		{6DAC6C5A-652E-4AAE-84D1-006FD15CC3D4}.Debug|Any CPU.Build.0 = Debug|Any CPU
		{6DAC6C5A-652E-4AAE-84D1-006FD15CC3D4}.Debug|x64.ActiveCfg = Debug|Any CPU
		{6DAC6C5A-652E-4AAE-84D1-006FD15CC3D4}.Debug|x64.Build.0 = Debug|Any CPU
		{6DAC6C5A-652E-4AAE-84D1-006FD15CC3D4}.Debug|x86.ActiveCfg = Debug|Any CPU
		{6DAC6C5A-652E-4AAE-84D1-006FD15CC3D4}.Debug|x86.Build.0 = Debug|Any CPU
		{6DAC6C5A-652E-4AAE-84D1-006FD15CC3D4}.Release|Any CPU.ActiveCfg = Release|Any CPU
		{6DAC6C5A-652E-4AAE-84D1-006FD15CC3D4}.Release|Any CPU.Build.0 = Release|Any CPU
		{6DAC6C5A-652E-4AAE-84D1-006FD15CC3D4}.Release|x64.ActiveCfg = Release|Any CPU
		{6DAC6C5A-652E-4AAE-84D1-006FD15CC3D4}.Release|x64.Build.0 = Release|Any CPU
		{6DAC6C5A-652E-4AAE-84D1-006FD15CC3D4}.Release|x86.ActiveCfg = Release|Any CPU
		{6DAC6C5A-652E-4AAE-84D1-006FD15CC3D4}.Release|x86.Build.0 = Release|Any CPU
		{C925F3A7-AEE9-4280-8449-5919C8AEB9F3}.Debug|Any CPU.ActiveCfg = Debug|Any CPU
		{C925F3A7-AEE9-4280-8449-5919C8AEB9F3}.Debug|Any CPU.Build.0 = Debug|Any CPU
		{C925F3A7-AEE9-4280-8449-5919C8AEB9F3}.Debug|x64.ActiveCfg = Debug|Any CPU
		{C925F3A7-AEE9-4280-8449-5919C8AEB9F3}.Debug|x64.Build.0 = Debug|Any CPU
		{C925F3A7-AEE9-4280-8449-5919C8AEB9F3}.Debug|x86.ActiveCfg = Debug|Any CPU
		{C925F3A7-AEE9-4280-8449-5919C8AEB9F3}.Debug|x86.Build.0 = Debug|Any CPU
		{C925F3A7-AEE9-4280-8449-5919C8AEB9F3}.Release|Any CPU.ActiveCfg = Release|Any CPU
		{C925F3A7-AEE9-4280-8449-5919C8AEB9F3}.Release|Any CPU.Build.0 = Release|Any CPU
		{C925F3A7-AEE9-4280-8449-5919C8AEB9F3}.Release|x64.ActiveCfg = Release|Any CPU
		{C925F3A7-AEE9-4280-8449-5919C8AEB9F3}.Release|x64.Build.0 = Release|Any CPU
		{C925F3A7-AEE9-4280-8449-5919C8AEB9F3}.Release|x86.ActiveCfg = Release|Any CPU
		{C925F3A7-AEE9-4280-8449-5919C8AEB9F3}.Release|x86.Build.0 = Release|Any CPU
		{67EDCD5E-651A-41DB-8C06-68A59D85F9F5}.Debug|Any CPU.ActiveCfg = Debug|Any CPU
		{67EDCD5E-651A-41DB-8C06-68A59D85F9F5}.Debug|Any CPU.Build.0 = Debug|Any CPU
		{67EDCD5E-651A-41DB-8C06-68A59D85F9F5}.Debug|x64.ActiveCfg = Debug|Any CPU
		{67EDCD5E-651A-41DB-8C06-68A59D85F9F5}.Debug|x64.Build.0 = Debug|Any CPU
		{67EDCD5E-651A-41DB-8C06-68A59D85F9F5}.Debug|x86.ActiveCfg = Debug|Any CPU
		{67EDCD5E-651A-41DB-8C06-68A59D85F9F5}.Debug|x86.Build.0 = Debug|Any CPU
		{67EDCD5E-651A-41DB-8C06-68A59D85F9F5}.Release|Any CPU.ActiveCfg = Release|Any CPU
		{67EDCD5E-651A-41DB-8C06-68A59D85F9F5}.Release|Any CPU.Build.0 = Release|Any CPU
		{67EDCD5E-651A-41DB-8C06-68A59D85F9F5}.Release|x64.ActiveCfg = Release|Any CPU
		{67EDCD5E-651A-41DB-8C06-68A59D85F9F5}.Release|x64.Build.0 = Release|Any CPU
		{67EDCD5E-651A-41DB-8C06-68A59D85F9F5}.Release|x86.ActiveCfg = Release|Any CPU
		{67EDCD5E-651A-41DB-8C06-68A59D85F9F5}.Release|x86.Build.0 = Release|Any CPU
		{4423E724-2F32-4724-AC13-44A4A57EABD4}.Debug|Any CPU.ActiveCfg = Debug|Any CPU
		{4423E724-2F32-4724-AC13-44A4A57EABD4}.Debug|Any CPU.Build.0 = Debug|Any CPU
		{4423E724-2F32-4724-AC13-44A4A57EABD4}.Debug|x64.ActiveCfg = Debug|Any CPU
		{4423E724-2F32-4724-AC13-44A4A57EABD4}.Debug|x64.Build.0 = Debug|Any CPU
		{4423E724-2F32-4724-AC13-44A4A57EABD4}.Debug|x86.ActiveCfg = Debug|Any CPU
		{4423E724-2F32-4724-AC13-44A4A57EABD4}.Debug|x86.Build.0 = Debug|Any CPU
		{4423E724-2F32-4724-AC13-44A4A57EABD4}.Release|Any CPU.ActiveCfg = Release|Any CPU
		{4423E724-2F32-4724-AC13-44A4A57EABD4}.Release|Any CPU.Build.0 = Release|Any CPU
		{4423E724-2F32-4724-AC13-44A4A57EABD4}.Release|x64.ActiveCfg = Release|Any CPU
		{4423E724-2F32-4724-AC13-44A4A57EABD4}.Release|x64.Build.0 = Release|Any CPU
		{4423E724-2F32-4724-AC13-44A4A57EABD4}.Release|x86.ActiveCfg = Release|Any CPU
		{4423E724-2F32-4724-AC13-44A4A57EABD4}.Release|x86.Build.0 = Release|Any CPU
		{85A5D36F-6454-4361-AE90-8DF073510D63}.Debug|Any CPU.ActiveCfg = Debug|Any CPU
		{85A5D36F-6454-4361-AE90-8DF073510D63}.Debug|Any CPU.Build.0 = Debug|Any CPU
		{85A5D36F-6454-4361-AE90-8DF073510D63}.Debug|x64.ActiveCfg = Debug|Any CPU
		{85A5D36F-6454-4361-AE90-8DF073510D63}.Debug|x64.Build.0 = Debug|Any CPU
		{85A5D36F-6454-4361-AE90-8DF073510D63}.Debug|x86.ActiveCfg = Debug|Any CPU
		{85A5D36F-6454-4361-AE90-8DF073510D63}.Debug|x86.Build.0 = Debug|Any CPU
		{85A5D36F-6454-4361-AE90-8DF073510D63}.Release|Any CPU.ActiveCfg = Release|Any CPU
		{85A5D36F-6454-4361-AE90-8DF073510D63}.Release|Any CPU.Build.0 = Release|Any CPU
		{85A5D36F-6454-4361-AE90-8DF073510D63}.Release|x64.ActiveCfg = Release|Any CPU
		{85A5D36F-6454-4361-AE90-8DF073510D63}.Release|x64.Build.0 = Release|Any CPU
		{85A5D36F-6454-4361-AE90-8DF073510D63}.Release|x86.ActiveCfg = Release|Any CPU
		{85A5D36F-6454-4361-AE90-8DF073510D63}.Release|x86.Build.0 = Release|Any CPU
		{17F19FC0-0C36-4DAD-B7D4-DC40AFE2D706}.Debug|Any CPU.ActiveCfg = Debug|Any CPU
		{17F19FC0-0C36-4DAD-B7D4-DC40AFE2D706}.Debug|Any CPU.Build.0 = Debug|Any CPU
		{17F19FC0-0C36-4DAD-B7D4-DC40AFE2D706}.Debug|x64.ActiveCfg = Debug|Any CPU
		{17F19FC0-0C36-4DAD-B7D4-DC40AFE2D706}.Debug|x64.Build.0 = Debug|Any CPU
		{17F19FC0-0C36-4DAD-B7D4-DC40AFE2D706}.Debug|x86.ActiveCfg = Debug|Any CPU
		{17F19FC0-0C36-4DAD-B7D4-DC40AFE2D706}.Debug|x86.Build.0 = Debug|Any CPU
		{17F19FC0-0C36-4DAD-B7D4-DC40AFE2D706}.Release|Any CPU.ActiveCfg = Release|Any CPU
		{17F19FC0-0C36-4DAD-B7D4-DC40AFE2D706}.Release|Any CPU.Build.0 = Release|Any CPU
		{17F19FC0-0C36-4DAD-B7D4-DC40AFE2D706}.Release|x64.ActiveCfg = Release|Any CPU
		{17F19FC0-0C36-4DAD-B7D4-DC40AFE2D706}.Release|x64.Build.0 = Release|Any CPU
		{17F19FC0-0C36-4DAD-B7D4-DC40AFE2D706}.Release|x86.ActiveCfg = Release|Any CPU
		{17F19FC0-0C36-4DAD-B7D4-DC40AFE2D706}.Release|x86.Build.0 = Release|Any CPU
		{A20861A9-411E-6150-BF5C-69E8196E5D22}.Debug|Any CPU.ActiveCfg = Debug|Any CPU
		{A20861A9-411E-6150-BF5C-69E8196E5D22}.Debug|Any CPU.Build.0 = Debug|Any CPU
		{A20861A9-411E-6150-BF5C-69E8196E5D22}.Debug|x64.ActiveCfg = Debug|Any CPU
		{A20861A9-411E-6150-BF5C-69E8196E5D22}.Debug|x64.Build.0 = Debug|Any CPU
		{A20861A9-411E-6150-BF5C-69E8196E5D22}.Debug|x86.ActiveCfg = Debug|Any CPU
		{A20861A9-411E-6150-BF5C-69E8196E5D22}.Debug|x86.Build.0 = Debug|Any CPU
		{A20861A9-411E-6150-BF5C-69E8196E5D22}.Release|Any CPU.ActiveCfg = Release|Any CPU
		{A20861A9-411E-6150-BF5C-69E8196E5D22}.Release|Any CPU.Build.0 = Release|Any CPU
		{A20861A9-411E-6150-BF5C-69E8196E5D22}.Release|x64.ActiveCfg = Release|Any CPU
		{A20861A9-411E-6150-BF5C-69E8196E5D22}.Release|x64.Build.0 = Release|Any CPU
		{A20861A9-411E-6150-BF5C-69E8196E5D22}.Release|x86.ActiveCfg = Release|Any CPU
		{A20861A9-411E-6150-BF5C-69E8196E5D22}.Release|x86.Build.0 = Release|Any CPU
		{B97855C8-9011-7120-00DE-378D9BA4B031}.Debug|Any CPU.ActiveCfg = Debug|Any CPU
		{B97855C8-9011-7120-00DE-378D9BA4B031}.Debug|Any CPU.Build.0 = Debug|Any CPU
		{B97855C8-9011-7120-00DE-378D9BA4B031}.Debug|x64.ActiveCfg = Debug|Any CPU
		{B97855C8-9011-7120-00DE-378D9BA4B031}.Debug|x64.Build.0 = Debug|Any CPU
		{B97855C8-9011-7120-00DE-378D9BA4B031}.Debug|x86.ActiveCfg = Debug|Any CPU
		{B97855C8-9011-7120-00DE-378D9BA4B031}.Debug|x86.Build.0 = Debug|Any CPU
		{B97855C8-9011-7120-00DE-378D9BA4B031}.Release|Any CPU.ActiveCfg = Release|Any CPU
		{B97855C8-9011-7120-00DE-378D9BA4B031}.Release|Any CPU.Build.0 = Release|Any CPU
		{B97855C8-9011-7120-00DE-378D9BA4B031}.Release|x64.ActiveCfg = Release|Any CPU
		{B97855C8-9011-7120-00DE-378D9BA4B031}.Release|x64.Build.0 = Release|Any CPU
		{B97855C8-9011-7120-00DE-378D9BA4B031}.Release|x86.ActiveCfg = Release|Any CPU
		{B97855C8-9011-7120-00DE-378D9BA4B031}.Release|x86.Build.0 = Release|Any CPU
		{140E9E81-5304-4210-80CD-0CFB50D3B1C4}.Debug|Any CPU.ActiveCfg = Debug|Any CPU
		{140E9E81-5304-4210-80CD-0CFB50D3B1C4}.Debug|Any CPU.Build.0 = Debug|Any CPU
		{140E9E81-5304-4210-80CD-0CFB50D3B1C4}.Debug|x64.ActiveCfg = Debug|Any CPU
		{140E9E81-5304-4210-80CD-0CFB50D3B1C4}.Debug|x64.Build.0 = Debug|Any CPU
		{140E9E81-5304-4210-80CD-0CFB50D3B1C4}.Debug|x86.ActiveCfg = Debug|Any CPU
		{140E9E81-5304-4210-80CD-0CFB50D3B1C4}.Debug|x86.Build.0 = Debug|Any CPU
		{140E9E81-5304-4210-80CD-0CFB50D3B1C4}.Release|Any CPU.ActiveCfg = Release|Any CPU
		{140E9E81-5304-4210-80CD-0CFB50D3B1C4}.Release|Any CPU.Build.0 = Release|Any CPU
		{140E9E81-5304-4210-80CD-0CFB50D3B1C4}.Release|x64.ActiveCfg = Release|Any CPU
		{140E9E81-5304-4210-80CD-0CFB50D3B1C4}.Release|x64.Build.0 = Release|Any CPU
		{140E9E81-5304-4210-80CD-0CFB50D3B1C4}.Release|x86.ActiveCfg = Release|Any CPU
		{140E9E81-5304-4210-80CD-0CFB50D3B1C4}.Release|x86.Build.0 = Release|Any CPU
		{0B4C0A8A-E9C0-424B-A20F-22259E593056}.Debug|Any CPU.ActiveCfg = Debug|Any CPU
		{0B4C0A8A-E9C0-424B-A20F-22259E593056}.Debug|Any CPU.Build.0 = Debug|Any CPU
		{0B4C0A8A-E9C0-424B-A20F-22259E593056}.Debug|x64.ActiveCfg = Debug|Any CPU
		{0B4C0A8A-E9C0-424B-A20F-22259E593056}.Debug|x64.Build.0 = Debug|Any CPU
		{0B4C0A8A-E9C0-424B-A20F-22259E593056}.Debug|x86.ActiveCfg = Debug|Any CPU
		{0B4C0A8A-E9C0-424B-A20F-22259E593056}.Debug|x86.Build.0 = Debug|Any CPU
		{0B4C0A8A-E9C0-424B-A20F-22259E593056}.Release|Any CPU.ActiveCfg = Release|Any CPU
		{0B4C0A8A-E9C0-424B-A20F-22259E593056}.Release|Any CPU.Build.0 = Release|Any CPU
		{0B4C0A8A-E9C0-424B-A20F-22259E593056}.Release|x64.ActiveCfg = Release|Any CPU
		{0B4C0A8A-E9C0-424B-A20F-22259E593056}.Release|x64.Build.0 = Release|Any CPU
		{0B4C0A8A-E9C0-424B-A20F-22259E593056}.Release|x86.ActiveCfg = Release|Any CPU
		{0B4C0A8A-E9C0-424B-A20F-22259E593056}.Release|x86.Build.0 = Release|Any CPU
		{C82D3B67-451E-35FC-43CF-FA9171D5BF74}.Debug|Any CPU.ActiveCfg = Debug|Any CPU
		{C82D3B67-451E-35FC-43CF-FA9171D5BF74}.Debug|Any CPU.Build.0 = Debug|Any CPU
		{C82D3B67-451E-35FC-43CF-FA9171D5BF74}.Debug|x64.ActiveCfg = Debug|Any CPU
		{C82D3B67-451E-35FC-43CF-FA9171D5BF74}.Debug|x64.Build.0 = Debug|Any CPU
		{C82D3B67-451E-35FC-43CF-FA9171D5BF74}.Debug|x86.ActiveCfg = Debug|Any CPU
		{C82D3B67-451E-35FC-43CF-FA9171D5BF74}.Debug|x86.Build.0 = Debug|Any CPU
		{C82D3B67-451E-35FC-43CF-FA9171D5BF74}.Release|Any CPU.ActiveCfg = Release|Any CPU
		{C82D3B67-451E-35FC-43CF-FA9171D5BF74}.Release|Any CPU.Build.0 = Release|Any CPU
		{C82D3B67-451E-35FC-43CF-FA9171D5BF74}.Release|x64.ActiveCfg = Release|Any CPU
		{C82D3B67-451E-35FC-43CF-FA9171D5BF74}.Release|x64.Build.0 = Release|Any CPU
		{C82D3B67-451E-35FC-43CF-FA9171D5BF74}.Release|x86.ActiveCfg = Release|Any CPU
		{C82D3B67-451E-35FC-43CF-FA9171D5BF74}.Release|x86.Build.0 = Release|Any CPU
		{448FD49A-0655-44D2-A708-D63F15F3FF00}.Debug|Any CPU.ActiveCfg = Debug|Any CPU
		{448FD49A-0655-44D2-A708-D63F15F3FF00}.Debug|Any CPU.Build.0 = Debug|Any CPU
		{448FD49A-0655-44D2-A708-D63F15F3FF00}.Debug|x64.ActiveCfg = Debug|Any CPU
		{448FD49A-0655-44D2-A708-D63F15F3FF00}.Debug|x64.Build.0 = Debug|Any CPU
		{448FD49A-0655-44D2-A708-D63F15F3FF00}.Debug|x86.ActiveCfg = Debug|Any CPU
		{448FD49A-0655-44D2-A708-D63F15F3FF00}.Debug|x86.Build.0 = Debug|Any CPU
		{448FD49A-0655-44D2-A708-D63F15F3FF00}.Release|Any CPU.ActiveCfg = Release|Any CPU
		{448FD49A-0655-44D2-A708-D63F15F3FF00}.Release|Any CPU.Build.0 = Release|Any CPU
		{448FD49A-0655-44D2-A708-D63F15F3FF00}.Release|x64.ActiveCfg = Release|Any CPU
		{448FD49A-0655-44D2-A708-D63F15F3FF00}.Release|x64.Build.0 = Release|Any CPU
		{448FD49A-0655-44D2-A708-D63F15F3FF00}.Release|x86.ActiveCfg = Release|Any CPU
		{448FD49A-0655-44D2-A708-D63F15F3FF00}.Release|x86.Build.0 = Release|Any CPU
		{3CA0256B-8F8F-B320-0107-E2BFB6E89FAE}.Debug|Any CPU.ActiveCfg = Debug|Any CPU
		{3CA0256B-8F8F-B320-0107-E2BFB6E89FAE}.Debug|Any CPU.Build.0 = Debug|Any CPU
		{3CA0256B-8F8F-B320-0107-E2BFB6E89FAE}.Debug|x64.ActiveCfg = Debug|Any CPU
		{3CA0256B-8F8F-B320-0107-E2BFB6E89FAE}.Debug|x64.Build.0 = Debug|Any CPU
		{3CA0256B-8F8F-B320-0107-E2BFB6E89FAE}.Debug|x86.ActiveCfg = Debug|Any CPU
		{3CA0256B-8F8F-B320-0107-E2BFB6E89FAE}.Debug|x86.Build.0 = Debug|Any CPU
		{3CA0256B-8F8F-B320-0107-E2BFB6E89FAE}.Release|Any CPU.ActiveCfg = Release|Any CPU
		{3CA0256B-8F8F-B320-0107-E2BFB6E89FAE}.Release|Any CPU.Build.0 = Release|Any CPU
		{3CA0256B-8F8F-B320-0107-E2BFB6E89FAE}.Release|x64.ActiveCfg = Release|Any CPU
		{3CA0256B-8F8F-B320-0107-E2BFB6E89FAE}.Release|x64.Build.0 = Release|Any CPU
		{3CA0256B-8F8F-B320-0107-E2BFB6E89FAE}.Release|x86.ActiveCfg = Release|Any CPU
		{3CA0256B-8F8F-B320-0107-E2BFB6E89FAE}.Release|x86.Build.0 = Release|Any CPU
		{1C1DA6B7-8BB2-8939-34B0-24C1090C994D}.Debug|Any CPU.ActiveCfg = Debug|Any CPU
		{1C1DA6B7-8BB2-8939-34B0-24C1090C994D}.Debug|Any CPU.Build.0 = Debug|Any CPU
		{1C1DA6B7-8BB2-8939-34B0-24C1090C994D}.Debug|x64.ActiveCfg = Debug|Any CPU
		{1C1DA6B7-8BB2-8939-34B0-24C1090C994D}.Debug|x64.Build.0 = Debug|Any CPU
		{1C1DA6B7-8BB2-8939-34B0-24C1090C994D}.Debug|x86.ActiveCfg = Debug|Any CPU
		{1C1DA6B7-8BB2-8939-34B0-24C1090C994D}.Debug|x86.Build.0 = Debug|Any CPU
		{1C1DA6B7-8BB2-8939-34B0-24C1090C994D}.Release|Any CPU.ActiveCfg = Release|Any CPU
		{1C1DA6B7-8BB2-8939-34B0-24C1090C994D}.Release|Any CPU.Build.0 = Release|Any CPU
		{1C1DA6B7-8BB2-8939-34B0-24C1090C994D}.Release|x64.ActiveCfg = Release|Any CPU
		{1C1DA6B7-8BB2-8939-34B0-24C1090C994D}.Release|x64.Build.0 = Release|Any CPU
		{1C1DA6B7-8BB2-8939-34B0-24C1090C994D}.Release|x86.ActiveCfg = Release|Any CPU
		{1C1DA6B7-8BB2-8939-34B0-24C1090C994D}.Release|x86.Build.0 = Release|Any CPU
		{C4175B38-C9A5-20EA-78DB-1FA1182911B6}.Debug|Any CPU.ActiveCfg = Debug|Any CPU
		{C4175B38-C9A5-20EA-78DB-1FA1182911B6}.Debug|Any CPU.Build.0 = Debug|Any CPU
		{C4175B38-C9A5-20EA-78DB-1FA1182911B6}.Debug|x64.ActiveCfg = Debug|Any CPU
		{C4175B38-C9A5-20EA-78DB-1FA1182911B6}.Debug|x64.Build.0 = Debug|Any CPU
		{C4175B38-C9A5-20EA-78DB-1FA1182911B6}.Debug|x86.ActiveCfg = Debug|Any CPU
		{C4175B38-C9A5-20EA-78DB-1FA1182911B6}.Debug|x86.Build.0 = Debug|Any CPU
		{C4175B38-C9A5-20EA-78DB-1FA1182911B6}.Release|Any CPU.ActiveCfg = Release|Any CPU
		{C4175B38-C9A5-20EA-78DB-1FA1182911B6}.Release|Any CPU.Build.0 = Release|Any CPU
		{C4175B38-C9A5-20EA-78DB-1FA1182911B6}.Release|x64.ActiveCfg = Release|Any CPU
		{C4175B38-C9A5-20EA-78DB-1FA1182911B6}.Release|x64.Build.0 = Release|Any CPU
		{C4175B38-C9A5-20EA-78DB-1FA1182911B6}.Release|x86.ActiveCfg = Release|Any CPU
		{C4175B38-C9A5-20EA-78DB-1FA1182911B6}.Release|x86.Build.0 = Release|Any CPU
		{3C706605-F985-BC39-822A-288C22559F06}.Debug|Any CPU.ActiveCfg = Debug|Any CPU
		{3C706605-F985-BC39-822A-288C22559F06}.Debug|Any CPU.Build.0 = Debug|Any CPU
		{3C706605-F985-BC39-822A-288C22559F06}.Debug|x64.ActiveCfg = Debug|Any CPU
		{3C706605-F985-BC39-822A-288C22559F06}.Debug|x64.Build.0 = Debug|Any CPU
		{3C706605-F985-BC39-822A-288C22559F06}.Debug|x86.ActiveCfg = Debug|Any CPU
		{3C706605-F985-BC39-822A-288C22559F06}.Debug|x86.Build.0 = Debug|Any CPU
		{3C706605-F985-BC39-822A-288C22559F06}.Release|Any CPU.ActiveCfg = Release|Any CPU
		{3C706605-F985-BC39-822A-288C22559F06}.Release|Any CPU.Build.0 = Release|Any CPU
		{3C706605-F985-BC39-822A-288C22559F06}.Release|x64.ActiveCfg = Release|Any CPU
		{3C706605-F985-BC39-822A-288C22559F06}.Release|x64.Build.0 = Release|Any CPU
		{3C706605-F985-BC39-822A-288C22559F06}.Release|x86.ActiveCfg = Release|Any CPU
		{3C706605-F985-BC39-822A-288C22559F06}.Release|x86.Build.0 = Release|Any CPU
		{4BD78B05-111D-10C3-5855-A311076D2A05}.Debug|Any CPU.ActiveCfg = Debug|Any CPU
		{4BD78B05-111D-10C3-5855-A311076D2A05}.Debug|Any CPU.Build.0 = Debug|Any CPU
		{4BD78B05-111D-10C3-5855-A311076D2A05}.Debug|x64.ActiveCfg = Debug|Any CPU
		{4BD78B05-111D-10C3-5855-A311076D2A05}.Debug|x64.Build.0 = Debug|Any CPU
		{4BD78B05-111D-10C3-5855-A311076D2A05}.Debug|x86.ActiveCfg = Debug|Any CPU
		{4BD78B05-111D-10C3-5855-A311076D2A05}.Debug|x86.Build.0 = Debug|Any CPU
		{4BD78B05-111D-10C3-5855-A311076D2A05}.Release|Any CPU.ActiveCfg = Release|Any CPU
		{4BD78B05-111D-10C3-5855-A311076D2A05}.Release|Any CPU.Build.0 = Release|Any CPU
		{4BD78B05-111D-10C3-5855-A311076D2A05}.Release|x64.ActiveCfg = Release|Any CPU
		{4BD78B05-111D-10C3-5855-A311076D2A05}.Release|x64.Build.0 = Release|Any CPU
		{4BD78B05-111D-10C3-5855-A311076D2A05}.Release|x86.ActiveCfg = Release|Any CPU
		{4BD78B05-111D-10C3-5855-A311076D2A05}.Release|x86.Build.0 = Release|Any CPU
		{108379AE-778C-62AA-5933-FC0D0CDF02D8}.Debug|Any CPU.ActiveCfg = Debug|Any CPU
		{108379AE-778C-62AA-5933-FC0D0CDF02D8}.Debug|Any CPU.Build.0 = Debug|Any CPU
		{108379AE-778C-62AA-5933-FC0D0CDF02D8}.Debug|x64.ActiveCfg = Debug|Any CPU
		{108379AE-778C-62AA-5933-FC0D0CDF02D8}.Debug|x64.Build.0 = Debug|Any CPU
		{108379AE-778C-62AA-5933-FC0D0CDF02D8}.Debug|x86.ActiveCfg = Debug|Any CPU
		{108379AE-778C-62AA-5933-FC0D0CDF02D8}.Debug|x86.Build.0 = Debug|Any CPU
		{108379AE-778C-62AA-5933-FC0D0CDF02D8}.Release|Any CPU.ActiveCfg = Release|Any CPU
		{108379AE-778C-62AA-5933-FC0D0CDF02D8}.Release|Any CPU.Build.0 = Release|Any CPU
		{108379AE-778C-62AA-5933-FC0D0CDF02D8}.Release|x64.ActiveCfg = Release|Any CPU
		{108379AE-778C-62AA-5933-FC0D0CDF02D8}.Release|x64.Build.0 = Release|Any CPU
		{108379AE-778C-62AA-5933-FC0D0CDF02D8}.Release|x86.ActiveCfg = Release|Any CPU
		{108379AE-778C-62AA-5933-FC0D0CDF02D8}.Release|x86.Build.0 = Release|Any CPU
		{A85B5EBB-744C-9A94-1169-FA7BC2601975}.Debug|Any CPU.ActiveCfg = Debug|Any CPU
		{A85B5EBB-744C-9A94-1169-FA7BC2601975}.Debug|Any CPU.Build.0 = Debug|Any CPU
		{A85B5EBB-744C-9A94-1169-FA7BC2601975}.Debug|x64.ActiveCfg = Debug|Any CPU
		{A85B5EBB-744C-9A94-1169-FA7BC2601975}.Debug|x64.Build.0 = Debug|Any CPU
		{A85B5EBB-744C-9A94-1169-FA7BC2601975}.Debug|x86.ActiveCfg = Debug|Any CPU
		{A85B5EBB-744C-9A94-1169-FA7BC2601975}.Debug|x86.Build.0 = Debug|Any CPU
		{A85B5EBB-744C-9A94-1169-FA7BC2601975}.Release|Any CPU.ActiveCfg = Release|Any CPU
		{A85B5EBB-744C-9A94-1169-FA7BC2601975}.Release|Any CPU.Build.0 = Release|Any CPU
		{A85B5EBB-744C-9A94-1169-FA7BC2601975}.Release|x64.ActiveCfg = Release|Any CPU
		{A85B5EBB-744C-9A94-1169-FA7BC2601975}.Release|x64.Build.0 = Release|Any CPU
		{A85B5EBB-744C-9A94-1169-FA7BC2601975}.Release|x86.ActiveCfg = Release|Any CPU
		{A85B5EBB-744C-9A94-1169-FA7BC2601975}.Release|x86.Build.0 = Release|Any CPU
		{101C194C-36DC-8638-B420-8CE1F45426BF}.Debug|Any CPU.ActiveCfg = Debug|Any CPU
		{101C194C-36DC-8638-B420-8CE1F45426BF}.Debug|Any CPU.Build.0 = Debug|Any CPU
		{101C194C-36DC-8638-B420-8CE1F45426BF}.Debug|x64.ActiveCfg = Debug|Any CPU
		{101C194C-36DC-8638-B420-8CE1F45426BF}.Debug|x64.Build.0 = Debug|Any CPU
		{101C194C-36DC-8638-B420-8CE1F45426BF}.Debug|x86.ActiveCfg = Debug|Any CPU
		{101C194C-36DC-8638-B420-8CE1F45426BF}.Debug|x86.Build.0 = Debug|Any CPU
		{101C194C-36DC-8638-B420-8CE1F45426BF}.Release|Any CPU.ActiveCfg = Release|Any CPU
		{101C194C-36DC-8638-B420-8CE1F45426BF}.Release|Any CPU.Build.0 = Release|Any CPU
		{101C194C-36DC-8638-B420-8CE1F45426BF}.Release|x64.ActiveCfg = Release|Any CPU
		{101C194C-36DC-8638-B420-8CE1F45426BF}.Release|x64.Build.0 = Release|Any CPU
		{101C194C-36DC-8638-B420-8CE1F45426BF}.Release|x86.ActiveCfg = Release|Any CPU
		{101C194C-36DC-8638-B420-8CE1F45426BF}.Release|x86.Build.0 = Release|Any CPU
		{0C9A0B5D-C71E-1413-3BD0-44BEB59E4BBB}.Debug|Any CPU.ActiveCfg = Debug|Any CPU
		{0C9A0B5D-C71E-1413-3BD0-44BEB59E4BBB}.Debug|Any CPU.Build.0 = Debug|Any CPU
		{0C9A0B5D-C71E-1413-3BD0-44BEB59E4BBB}.Debug|x64.ActiveCfg = Debug|Any CPU
		{0C9A0B5D-C71E-1413-3BD0-44BEB59E4BBB}.Debug|x64.Build.0 = Debug|Any CPU
		{0C9A0B5D-C71E-1413-3BD0-44BEB59E4BBB}.Debug|x86.ActiveCfg = Debug|Any CPU
		{0C9A0B5D-C71E-1413-3BD0-44BEB59E4BBB}.Debug|x86.Build.0 = Debug|Any CPU
		{0C9A0B5D-C71E-1413-3BD0-44BEB59E4BBB}.Release|Any CPU.ActiveCfg = Release|Any CPU
		{0C9A0B5D-C71E-1413-3BD0-44BEB59E4BBB}.Release|Any CPU.Build.0 = Release|Any CPU
		{0C9A0B5D-C71E-1413-3BD0-44BEB59E4BBB}.Release|x64.ActiveCfg = Release|Any CPU
		{0C9A0B5D-C71E-1413-3BD0-44BEB59E4BBB}.Release|x64.Build.0 = Release|Any CPU
		{0C9A0B5D-C71E-1413-3BD0-44BEB59E4BBB}.Release|x86.ActiveCfg = Release|Any CPU
		{0C9A0B5D-C71E-1413-3BD0-44BEB59E4BBB}.Release|x86.Build.0 = Release|Any CPU
		{A59CB9FF-13FA-A407-7ED9-8B855B2D8716}.Debug|Any CPU.ActiveCfg = Debug|Any CPU
		{A59CB9FF-13FA-A407-7ED9-8B855B2D8716}.Debug|Any CPU.Build.0 = Debug|Any CPU
		{A59CB9FF-13FA-A407-7ED9-8B855B2D8716}.Debug|x64.ActiveCfg = Debug|Any CPU
		{A59CB9FF-13FA-A407-7ED9-8B855B2D8716}.Debug|x64.Build.0 = Debug|Any CPU
		{A59CB9FF-13FA-A407-7ED9-8B855B2D8716}.Debug|x86.ActiveCfg = Debug|Any CPU
		{A59CB9FF-13FA-A407-7ED9-8B855B2D8716}.Debug|x86.Build.0 = Debug|Any CPU
		{A59CB9FF-13FA-A407-7ED9-8B855B2D8716}.Release|Any CPU.ActiveCfg = Release|Any CPU
		{A59CB9FF-13FA-A407-7ED9-8B855B2D8716}.Release|Any CPU.Build.0 = Release|Any CPU
		{A59CB9FF-13FA-A407-7ED9-8B855B2D8716}.Release|x64.ActiveCfg = Release|Any CPU
		{A59CB9FF-13FA-A407-7ED9-8B855B2D8716}.Release|x64.Build.0 = Release|Any CPU
		{A59CB9FF-13FA-A407-7ED9-8B855B2D8716}.Release|x86.ActiveCfg = Release|Any CPU
		{A59CB9FF-13FA-A407-7ED9-8B855B2D8716}.Release|x86.Build.0 = Release|Any CPU
		{88297A2A-CAB1-4DCE-9105-9B4DD28D85FE}.Debug|Any CPU.ActiveCfg = Debug|Any CPU
		{88297A2A-CAB1-4DCE-9105-9B4DD28D85FE}.Debug|Any CPU.Build.0 = Debug|Any CPU
		{88297A2A-CAB1-4DCE-9105-9B4DD28D85FE}.Debug|x64.ActiveCfg = Debug|Any CPU
		{88297A2A-CAB1-4DCE-9105-9B4DD28D85FE}.Debug|x64.Build.0 = Debug|Any CPU
		{88297A2A-CAB1-4DCE-9105-9B4DD28D85FE}.Debug|x86.ActiveCfg = Debug|Any CPU
		{88297A2A-CAB1-4DCE-9105-9B4DD28D85FE}.Debug|x86.Build.0 = Debug|Any CPU
		{88297A2A-CAB1-4DCE-9105-9B4DD28D85FE}.Release|Any CPU.ActiveCfg = Release|Any CPU
		{88297A2A-CAB1-4DCE-9105-9B4DD28D85FE}.Release|Any CPU.Build.0 = Release|Any CPU
		{88297A2A-CAB1-4DCE-9105-9B4DD28D85FE}.Release|x64.ActiveCfg = Release|Any CPU
		{88297A2A-CAB1-4DCE-9105-9B4DD28D85FE}.Release|x64.Build.0 = Release|Any CPU
		{88297A2A-CAB1-4DCE-9105-9B4DD28D85FE}.Release|x86.ActiveCfg = Release|Any CPU
		{88297A2A-CAB1-4DCE-9105-9B4DD28D85FE}.Release|x86.Build.0 = Release|Any CPU
		{B9F5130F-350F-4A7F-B631-C4AFED23A823}.Debug|Any CPU.ActiveCfg = Debug|Any CPU
		{B9F5130F-350F-4A7F-B631-C4AFED23A823}.Debug|Any CPU.Build.0 = Debug|Any CPU
		{B9F5130F-350F-4A7F-B631-C4AFED23A823}.Debug|x64.ActiveCfg = Debug|Any CPU
		{B9F5130F-350F-4A7F-B631-C4AFED23A823}.Debug|x64.Build.0 = Debug|Any CPU
		{B9F5130F-350F-4A7F-B631-C4AFED23A823}.Debug|x86.ActiveCfg = Debug|Any CPU
		{B9F5130F-350F-4A7F-B631-C4AFED23A823}.Debug|x86.Build.0 = Debug|Any CPU
		{B9F5130F-350F-4A7F-B631-C4AFED23A823}.Release|Any CPU.ActiveCfg = Release|Any CPU
		{B9F5130F-350F-4A7F-B631-C4AFED23A823}.Release|Any CPU.Build.0 = Release|Any CPU
		{B9F5130F-350F-4A7F-B631-C4AFED23A823}.Release|x64.ActiveCfg = Release|Any CPU
		{B9F5130F-350F-4A7F-B631-C4AFED23A823}.Release|x64.Build.0 = Release|Any CPU
		{B9F5130F-350F-4A7F-B631-C4AFED23A823}.Release|x86.ActiveCfg = Release|Any CPU
		{B9F5130F-350F-4A7F-B631-C4AFED23A823}.Release|x86.Build.0 = Release|Any CPU
		{E26A6E84-D96E-486B-B5B2-AC6CF19DAAC1}.Debug|Any CPU.ActiveCfg = Debug|Any CPU
		{E26A6E84-D96E-486B-B5B2-AC6CF19DAAC1}.Debug|Any CPU.Build.0 = Debug|Any CPU
		{E26A6E84-D96E-486B-B5B2-AC6CF19DAAC1}.Debug|x64.ActiveCfg = Debug|Any CPU
		{E26A6E84-D96E-486B-B5B2-AC6CF19DAAC1}.Debug|x64.Build.0 = Debug|Any CPU
		{E26A6E84-D96E-486B-B5B2-AC6CF19DAAC1}.Debug|x86.ActiveCfg = Debug|Any CPU
		{E26A6E84-D96E-486B-B5B2-AC6CF19DAAC1}.Debug|x86.Build.0 = Debug|Any CPU
		{E26A6E84-D96E-486B-B5B2-AC6CF19DAAC1}.Release|Any CPU.ActiveCfg = Release|Any CPU
		{E26A6E84-D96E-486B-B5B2-AC6CF19DAAC1}.Release|Any CPU.Build.0 = Release|Any CPU
		{E26A6E84-D96E-486B-B5B2-AC6CF19DAAC1}.Release|x64.ActiveCfg = Release|Any CPU
		{E26A6E84-D96E-486B-B5B2-AC6CF19DAAC1}.Release|x64.Build.0 = Release|Any CPU
		{E26A6E84-D96E-486B-B5B2-AC6CF19DAAC1}.Release|x86.ActiveCfg = Release|Any CPU
		{E26A6E84-D96E-486B-B5B2-AC6CF19DAAC1}.Release|x86.Build.0 = Release|Any CPU
		{6A9E210C-BDA1-44DA-9BD0-8CF7A5D5C876}.Debug|Any CPU.ActiveCfg = Debug|Any CPU
		{6A9E210C-BDA1-44DA-9BD0-8CF7A5D5C876}.Debug|Any CPU.Build.0 = Debug|Any CPU
		{6A9E210C-BDA1-44DA-9BD0-8CF7A5D5C876}.Debug|x64.ActiveCfg = Debug|Any CPU
		{6A9E210C-BDA1-44DA-9BD0-8CF7A5D5C876}.Debug|x64.Build.0 = Debug|Any CPU
		{6A9E210C-BDA1-44DA-9BD0-8CF7A5D5C876}.Debug|x86.ActiveCfg = Debug|Any CPU
		{6A9E210C-BDA1-44DA-9BD0-8CF7A5D5C876}.Debug|x86.Build.0 = Debug|Any CPU
		{6A9E210C-BDA1-44DA-9BD0-8CF7A5D5C876}.Release|Any CPU.ActiveCfg = Release|Any CPU
		{6A9E210C-BDA1-44DA-9BD0-8CF7A5D5C876}.Release|Any CPU.Build.0 = Release|Any CPU
		{6A9E210C-BDA1-44DA-9BD0-8CF7A5D5C876}.Release|x64.ActiveCfg = Release|Any CPU
		{6A9E210C-BDA1-44DA-9BD0-8CF7A5D5C876}.Release|x64.Build.0 = Release|Any CPU
		{6A9E210C-BDA1-44DA-9BD0-8CF7A5D5C876}.Release|x86.ActiveCfg = Release|Any CPU
		{6A9E210C-BDA1-44DA-9BD0-8CF7A5D5C876}.Release|x86.Build.0 = Release|Any CPU
		{3F84175D-4C48-4760-854A-910B722B3804}.Debug|Any CPU.ActiveCfg = Debug|Any CPU
		{3F84175D-4C48-4760-854A-910B722B3804}.Debug|Any CPU.Build.0 = Debug|Any CPU
		{3F84175D-4C48-4760-854A-910B722B3804}.Debug|x64.ActiveCfg = Debug|Any CPU
		{3F84175D-4C48-4760-854A-910B722B3804}.Debug|x64.Build.0 = Debug|Any CPU
		{3F84175D-4C48-4760-854A-910B722B3804}.Debug|x86.ActiveCfg = Debug|Any CPU
		{3F84175D-4C48-4760-854A-910B722B3804}.Debug|x86.Build.0 = Debug|Any CPU
		{3F84175D-4C48-4760-854A-910B722B3804}.Release|Any CPU.ActiveCfg = Release|Any CPU
		{3F84175D-4C48-4760-854A-910B722B3804}.Release|Any CPU.Build.0 = Release|Any CPU
		{3F84175D-4C48-4760-854A-910B722B3804}.Release|x64.ActiveCfg = Release|Any CPU
		{3F84175D-4C48-4760-854A-910B722B3804}.Release|x64.Build.0 = Release|Any CPU
		{3F84175D-4C48-4760-854A-910B722B3804}.Release|x86.ActiveCfg = Release|Any CPU
		{3F84175D-4C48-4760-854A-910B722B3804}.Release|x86.Build.0 = Release|Any CPU
		{DEFB38D3-E268-4710-B003-03A67938E652}.Debug|Any CPU.ActiveCfg = Debug|Any CPU
		{DEFB38D3-E268-4710-B003-03A67938E652}.Debug|Any CPU.Build.0 = Debug|Any CPU
		{DEFB38D3-E268-4710-B003-03A67938E652}.Debug|x64.ActiveCfg = Debug|Any CPU
		{DEFB38D3-E268-4710-B003-03A67938E652}.Debug|x64.Build.0 = Debug|Any CPU
		{DEFB38D3-E268-4710-B003-03A67938E652}.Debug|x86.ActiveCfg = Debug|Any CPU
		{DEFB38D3-E268-4710-B003-03A67938E652}.Debug|x86.Build.0 = Debug|Any CPU
		{DEFB38D3-E268-4710-B003-03A67938E652}.Release|Any CPU.ActiveCfg = Release|Any CPU
		{DEFB38D3-E268-4710-B003-03A67938E652}.Release|Any CPU.Build.0 = Release|Any CPU
		{DEFB38D3-E268-4710-B003-03A67938E652}.Release|x64.ActiveCfg = Release|Any CPU
		{DEFB38D3-E268-4710-B003-03A67938E652}.Release|x64.Build.0 = Release|Any CPU
		{DEFB38D3-E268-4710-B003-03A67938E652}.Release|x86.ActiveCfg = Release|Any CPU
		{DEFB38D3-E268-4710-B003-03A67938E652}.Release|x86.Build.0 = Release|Any CPU
		{8B748040-3B5F-480D-AE79-CE310F8BEC9F}.Debug|Any CPU.ActiveCfg = Debug|Any CPU
		{8B748040-3B5F-480D-AE79-CE310F8BEC9F}.Debug|Any CPU.Build.0 = Debug|Any CPU
		{8B748040-3B5F-480D-AE79-CE310F8BEC9F}.Debug|x64.ActiveCfg = Debug|Any CPU
		{8B748040-3B5F-480D-AE79-CE310F8BEC9F}.Debug|x64.Build.0 = Debug|Any CPU
		{8B748040-3B5F-480D-AE79-CE310F8BEC9F}.Debug|x86.ActiveCfg = Debug|Any CPU
		{8B748040-3B5F-480D-AE79-CE310F8BEC9F}.Debug|x86.Build.0 = Debug|Any CPU
		{8B748040-3B5F-480D-AE79-CE310F8BEC9F}.Release|Any CPU.ActiveCfg = Release|Any CPU
		{8B748040-3B5F-480D-AE79-CE310F8BEC9F}.Release|Any CPU.Build.0 = Release|Any CPU
		{8B748040-3B5F-480D-AE79-CE310F8BEC9F}.Release|x64.ActiveCfg = Release|Any CPU
		{8B748040-3B5F-480D-AE79-CE310F8BEC9F}.Release|x64.Build.0 = Release|Any CPU
		{8B748040-3B5F-480D-AE79-CE310F8BEC9F}.Release|x86.ActiveCfg = Release|Any CPU
		{8B748040-3B5F-480D-AE79-CE310F8BEC9F}.Release|x86.Build.0 = Release|Any CPU
		{19EBEBD8-957C-42EE-B5BD-4000B47AF922}.Debug|Any CPU.ActiveCfg = Debug|Any CPU
		{19EBEBD8-957C-42EE-B5BD-4000B47AF922}.Debug|Any CPU.Build.0 = Debug|Any CPU
		{19EBEBD8-957C-42EE-B5BD-4000B47AF922}.Debug|x64.ActiveCfg = Debug|Any CPU
		{19EBEBD8-957C-42EE-B5BD-4000B47AF922}.Debug|x64.Build.0 = Debug|Any CPU
		{19EBEBD8-957C-42EE-B5BD-4000B47AF922}.Debug|x86.ActiveCfg = Debug|Any CPU
		{19EBEBD8-957C-42EE-B5BD-4000B47AF922}.Debug|x86.Build.0 = Debug|Any CPU
		{19EBEBD8-957C-42EE-B5BD-4000B47AF922}.Release|Any CPU.ActiveCfg = Release|Any CPU
		{19EBEBD8-957C-42EE-B5BD-4000B47AF922}.Release|Any CPU.Build.0 = Release|Any CPU
		{19EBEBD8-957C-42EE-B5BD-4000B47AF922}.Release|x64.ActiveCfg = Release|Any CPU
		{19EBEBD8-957C-42EE-B5BD-4000B47AF922}.Release|x64.Build.0 = Release|Any CPU
		{19EBEBD8-957C-42EE-B5BD-4000B47AF922}.Release|x86.ActiveCfg = Release|Any CPU
		{19EBEBD8-957C-42EE-B5BD-4000B47AF922}.Release|x86.Build.0 = Release|Any CPU
		{1561F639-8B39-4767-9688-763F37480044}.Debug|Any CPU.ActiveCfg = Debug|Any CPU
		{1561F639-8B39-4767-9688-763F37480044}.Debug|Any CPU.Build.0 = Debug|Any CPU
		{1561F639-8B39-4767-9688-763F37480044}.Debug|x64.ActiveCfg = Debug|Any CPU
		{1561F639-8B39-4767-9688-763F37480044}.Debug|x64.Build.0 = Debug|Any CPU
		{1561F639-8B39-4767-9688-763F37480044}.Debug|x86.ActiveCfg = Debug|Any CPU
		{1561F639-8B39-4767-9688-763F37480044}.Debug|x86.Build.0 = Debug|Any CPU
		{1561F639-8B39-4767-9688-763F37480044}.Release|Any CPU.ActiveCfg = Release|Any CPU
		{1561F639-8B39-4767-9688-763F37480044}.Release|Any CPU.Build.0 = Release|Any CPU
		{1561F639-8B39-4767-9688-763F37480044}.Release|x64.ActiveCfg = Release|Any CPU
		{1561F639-8B39-4767-9688-763F37480044}.Release|x64.Build.0 = Release|Any CPU
		{1561F639-8B39-4767-9688-763F37480044}.Release|x86.ActiveCfg = Release|Any CPU
		{1561F639-8B39-4767-9688-763F37480044}.Release|x86.Build.0 = Release|Any CPU
		{DE9B6A95-A602-4A8C-B4C4-9CE44EA51961}.Debug|Any CPU.ActiveCfg = Debug|Any CPU
		{DE9B6A95-A602-4A8C-B4C4-9CE44EA51961}.Debug|Any CPU.Build.0 = Debug|Any CPU
		{DE9B6A95-A602-4A8C-B4C4-9CE44EA51961}.Debug|x64.ActiveCfg = Debug|Any CPU
		{DE9B6A95-A602-4A8C-B4C4-9CE44EA51961}.Debug|x64.Build.0 = Debug|Any CPU
		{DE9B6A95-A602-4A8C-B4C4-9CE44EA51961}.Debug|x86.ActiveCfg = Debug|Any CPU
		{DE9B6A95-A602-4A8C-B4C4-9CE44EA51961}.Debug|x86.Build.0 = Debug|Any CPU
		{DE9B6A95-A602-4A8C-B4C4-9CE44EA51961}.Release|Any CPU.ActiveCfg = Release|Any CPU
		{DE9B6A95-A602-4A8C-B4C4-9CE44EA51961}.Release|Any CPU.Build.0 = Release|Any CPU
		{DE9B6A95-A602-4A8C-B4C4-9CE44EA51961}.Release|x64.ActiveCfg = Release|Any CPU
		{DE9B6A95-A602-4A8C-B4C4-9CE44EA51961}.Release|x64.Build.0 = Release|Any CPU
		{DE9B6A95-A602-4A8C-B4C4-9CE44EA51961}.Release|x86.ActiveCfg = Release|Any CPU
		{DE9B6A95-A602-4A8C-B4C4-9CE44EA51961}.Release|x86.Build.0 = Release|Any CPU
		{A23A7D21-BEA6-F7AF-9C74-B8C2AF6F4037}.Debug|Any CPU.ActiveCfg = Debug|Any CPU
		{A23A7D21-BEA6-F7AF-9C74-B8C2AF6F4037}.Debug|Any CPU.Build.0 = Debug|Any CPU
		{A23A7D21-BEA6-F7AF-9C74-B8C2AF6F4037}.Debug|x64.ActiveCfg = Debug|Any CPU
		{A23A7D21-BEA6-F7AF-9C74-B8C2AF6F4037}.Debug|x64.Build.0 = Debug|Any CPU
		{A23A7D21-BEA6-F7AF-9C74-B8C2AF6F4037}.Debug|x86.ActiveCfg = Debug|Any CPU
		{A23A7D21-BEA6-F7AF-9C74-B8C2AF6F4037}.Debug|x86.Build.0 = Debug|Any CPU
		{A23A7D21-BEA6-F7AF-9C74-B8C2AF6F4037}.Release|Any CPU.ActiveCfg = Release|Any CPU
		{A23A7D21-BEA6-F7AF-9C74-B8C2AF6F4037}.Release|Any CPU.Build.0 = Release|Any CPU
		{A23A7D21-BEA6-F7AF-9C74-B8C2AF6F4037}.Release|x64.ActiveCfg = Release|Any CPU
		{A23A7D21-BEA6-F7AF-9C74-B8C2AF6F4037}.Release|x64.Build.0 = Release|Any CPU
		{A23A7D21-BEA6-F7AF-9C74-B8C2AF6F4037}.Release|x86.ActiveCfg = Release|Any CPU
		{A23A7D21-BEA6-F7AF-9C74-B8C2AF6F4037}.Release|x86.Build.0 = Release|Any CPU
		{04EB123C-B91B-3564-F3CF-EBE46FCBF0AC}.Debug|Any CPU.ActiveCfg = Debug|Any CPU
		{04EB123C-B91B-3564-F3CF-EBE46FCBF0AC}.Debug|Any CPU.Build.0 = Debug|Any CPU
		{04EB123C-B91B-3564-F3CF-EBE46FCBF0AC}.Debug|x64.ActiveCfg = Debug|Any CPU
		{04EB123C-B91B-3564-F3CF-EBE46FCBF0AC}.Debug|x64.Build.0 = Debug|Any CPU
		{04EB123C-B91B-3564-F3CF-EBE46FCBF0AC}.Debug|x86.ActiveCfg = Debug|Any CPU
		{04EB123C-B91B-3564-F3CF-EBE46FCBF0AC}.Debug|x86.Build.0 = Debug|Any CPU
		{04EB123C-B91B-3564-F3CF-EBE46FCBF0AC}.Release|Any CPU.ActiveCfg = Release|Any CPU
		{04EB123C-B91B-3564-F3CF-EBE46FCBF0AC}.Release|Any CPU.Build.0 = Release|Any CPU
		{04EB123C-B91B-3564-F3CF-EBE46FCBF0AC}.Release|x64.ActiveCfg = Release|Any CPU
		{04EB123C-B91B-3564-F3CF-EBE46FCBF0AC}.Release|x64.Build.0 = Release|Any CPU
		{04EB123C-B91B-3564-F3CF-EBE46FCBF0AC}.Release|x86.ActiveCfg = Release|Any CPU
		{04EB123C-B91B-3564-F3CF-EBE46FCBF0AC}.Release|x86.Build.0 = Release|Any CPU
		{DF524DFA-35DB-46D2-934B-ED3DCFE7A446}.Debug|Any CPU.ActiveCfg = Debug|Any CPU
		{DF524DFA-35DB-46D2-934B-ED3DCFE7A446}.Debug|Any CPU.Build.0 = Debug|Any CPU
		{DF524DFA-35DB-46D2-934B-ED3DCFE7A446}.Debug|x64.ActiveCfg = Debug|Any CPU
		{DF524DFA-35DB-46D2-934B-ED3DCFE7A446}.Debug|x64.Build.0 = Debug|Any CPU
		{DF524DFA-35DB-46D2-934B-ED3DCFE7A446}.Debug|x86.ActiveCfg = Debug|Any CPU
		{DF524DFA-35DB-46D2-934B-ED3DCFE7A446}.Debug|x86.Build.0 = Debug|Any CPU
		{DF524DFA-35DB-46D2-934B-ED3DCFE7A446}.Release|Any CPU.ActiveCfg = Release|Any CPU
		{DF524DFA-35DB-46D2-934B-ED3DCFE7A446}.Release|Any CPU.Build.0 = Release|Any CPU
		{DF524DFA-35DB-46D2-934B-ED3DCFE7A446}.Release|x64.ActiveCfg = Release|Any CPU
		{DF524DFA-35DB-46D2-934B-ED3DCFE7A446}.Release|x64.Build.0 = Release|Any CPU
		{DF524DFA-35DB-46D2-934B-ED3DCFE7A446}.Release|x86.ActiveCfg = Release|Any CPU
		{DF524DFA-35DB-46D2-934B-ED3DCFE7A446}.Release|x86.Build.0 = Release|Any CPU
	EndGlobalSection
	GlobalSection(SolutionProperties) = preSolution
		HideSolutionNode = FALSE
	EndGlobalSection
	GlobalSection(NestedProjects) = preSolution
		{D7C0697D-6CFE-4A07-981D-E69B01A356D5} = {AE5111CE-1534-423E-BDEC-215E324F58CF}
		{6DAC6C5A-652E-4AAE-84D1-006FD15CC3D4} = {AE5111CE-1534-423E-BDEC-215E324F58CF}
		{C925F3A7-AEE9-4280-8449-5919C8AEB9F3} = {AE5111CE-1534-423E-BDEC-215E324F58CF}
		{67EDCD5E-651A-41DB-8C06-68A59D85F9F5} = {AE5111CE-1534-423E-BDEC-215E324F58CF}
		{4423E724-2F32-4724-AC13-44A4A57EABD4} = {AE5111CE-1534-423E-BDEC-215E324F58CF}
		{17F19FC0-0C36-4DAD-B7D4-DC40AFE2D706} = {AE5111CE-1534-423E-BDEC-215E324F58CF}
		{B97855C8-9011-7120-00DE-378D9BA4B031} = {18C71994-0C84-45FE-A42C-86CC83C3B84C}
		{140E9E81-5304-4210-80CD-0CFB50D3B1C4} = {AE5111CE-1534-423E-BDEC-215E324F58CF}
		{0B4C0A8A-E9C0-424B-A20F-22259E593056} = {AE5111CE-1534-423E-BDEC-215E324F58CF}
		{C82D3B67-451E-35FC-43CF-FA9171D5BF74} = {AE5111CE-1534-423E-BDEC-215E324F58CF}
		{448FD49A-0655-44D2-A708-D63F15F3FF00} = {AE5111CE-1534-423E-BDEC-215E324F58CF}
		{3CA0256B-8F8F-B320-0107-E2BFB6E89FAE} = {AE5111CE-1534-423E-BDEC-215E324F58CF}
		{1C1DA6B7-8BB2-8939-34B0-24C1090C994D} = {AE5111CE-1534-423E-BDEC-215E324F58CF}
		{C4175B38-C9A5-20EA-78DB-1FA1182911B6} = {AE5111CE-1534-423E-BDEC-215E324F58CF}
		{3C706605-F985-BC39-822A-288C22559F06} = {AE5111CE-1534-423E-BDEC-215E324F58CF}
		{4BD78B05-111D-10C3-5855-A311076D2A05} = {AE5111CE-1534-423E-BDEC-215E324F58CF}
		{108379AE-778C-62AA-5933-FC0D0CDF02D8} = {AE5111CE-1534-423E-BDEC-215E324F58CF}
		{A85B5EBB-744C-9A94-1169-FA7BC2601975} = {AE5111CE-1534-423E-BDEC-215E324F58CF}
		{101C194C-36DC-8638-B420-8CE1F45426BF} = {AE5111CE-1534-423E-BDEC-215E324F58CF}
		{0C9A0B5D-C71E-1413-3BD0-44BEB59E4BBB} = {AE5111CE-1534-423E-BDEC-215E324F58CF}
		{88297A2A-CAB1-4DCE-9105-9B4DD28D85FE} = {AE5111CE-1534-423E-BDEC-215E324F58CF}
		{B9F5130F-350F-4A7F-B631-C4AFED23A823} = {AE5111CE-1534-423E-BDEC-215E324F58CF}
		{E26A6E84-D96E-486B-B5B2-AC6CF19DAAC1} = {AE5111CE-1534-423E-BDEC-215E324F58CF}
		{6A9E210C-BDA1-44DA-9BD0-8CF7A5D5C876} = {AE5111CE-1534-423E-BDEC-215E324F58CF}
		{3F84175D-4C48-4760-854A-910B722B3804} = {AE5111CE-1534-423E-BDEC-215E324F58CF}
		{DEFB38D3-E268-4710-B003-03A67938E652} = {AE5111CE-1534-423E-BDEC-215E324F58CF}
		{8B748040-3B5F-480D-AE79-CE310F8BEC9F} = {AE5111CE-1534-423E-BDEC-215E324F58CF}
		{19EBEBD8-957C-42EE-B5BD-4000B47AF922} = {AE5111CE-1534-423E-BDEC-215E324F58CF}
		{1561F639-8B39-4767-9688-763F37480044} = {AE5111CE-1534-423E-BDEC-215E324F58CF}
		{DE9B6A95-A602-4A8C-B4C4-9CE44EA51961} = {AE5111CE-1534-423E-BDEC-215E324F58CF}
		{DF524DFA-35DB-46D2-934B-ED3DCFE7A446} = {AE5111CE-1534-423E-BDEC-215E324F58CF}
	EndGlobalSection
	GlobalSection(ExtensibilityGlobals) = postSolution
		SolutionGuid = {814B1A02-6597-40B7-B6E5-AA2E19793DAF}
	EndGlobalSection
EndGlobal
